
Microsoft Visual Studio Solution File, Format Version 12.00
Project("{FAE04EC0-301F-11D3-BF4B-00C04F79EFBC}") = "EdiPOC", "EdiPOC\EdiPOC.csproj", "{0166E9C1-A3D3-4BB7-A16C-4C65D00767BF}"
EndProject
Global
	GlobalSection(SolutionConfigurationPlatforms) = preSolution
		Debug|Any CPU = Debug|Any CPU
		Release|Any CPU = Release|Any CPU
	EndGlobalSection
	GlobalSection(ProjectConfigurationPlatforms) = postSolution
		{0166E9C1-A3D3-4BB7-A16C-4C65D00767BF}.Debug|Any CPU.ActiveCfg = Debug|Any CPU
		{0166E9C1-A3D3-4BB7-A16C-4C65D00767BF}.Debug|Any CPU.Build.0 = Debug|Any CPU
		{0166E9C1-A3D3-4BB7-A16C-4C65D00767BF}.Release|Any CPU.ActiveCfg = Release|Any CPU
		{0166E9C1-A3D3-4BB7-A16C-4C65D00767BF}.Release|Any CPU.Build.0 = Release|Any CPU
	EndGlobalSection
EndGlobal
